{
  "name": "matecat-sse",
  "version": "1.0.0",
  "lockfileVersion": 1,
  "requires": true,
  "dependencies": {
    "access-control": {
      "version": "0.0.8",
      "resolved": "https://registry.npmjs.org/access-control/-/access-control-0.0.8.tgz",
      "integrity": "sha1-5dwusW6YA6803jv2RbkcSw9QmlU=",
      "requires": {
        "millisecond": "0.1.2",
        "setheader": "0.0.4",
        "vary": "1.0.1"
      }
    },
    "async": {
      "version": "1.0.0",
      "resolved": "https://registry.npmjs.org/async/-/async-1.0.0.tgz",
      "integrity": "sha1-+PwEyjoTeErenhZBr5hXjPvWR6k="
    },
    "colors": {
      "version": "1.0.3",
      "resolved": "https://registry.npmjs.org/colors/-/colors-1.0.3.tgz",
      "integrity": "sha1-BDP0TYCWgP3rYO0mDxsMJi6CpAs="
    },
    "cycle": {
      "version": "1.0.3",
      "resolved": "https://registry.npmjs.org/cycle/-/cycle-1.0.3.tgz",
      "integrity": "sha1-IegLK+hYD5i0aPN5QwZisEbDStI="
    },
    "debug": {
      "version": "0.7.4",
      "resolved": "https://registry.npmjs.org/debug/-/debug-0.7.4.tgz",
      "integrity": "sha1-BuHqgILCyxTjmAbiLi9vdX+Srzk="
    },
    "eyes": {
      "version": "0.1.8",
      "resolved": "https://registry.npmjs.org/eyes/-/eyes-0.1.8.tgz",
      "integrity": "sha1-Ys8SAjTGg3hdkCNIqADvPgzCC8A="
    },
    "isstream": {
      "version": "0.1.2",
      "resolved": "https://registry.npmjs.org/isstream/-/isstream-0.1.2.tgz",
      "integrity": "sha1-R+Y/evVa+m+S4VAOaQ64uFKcCZo="
    },
    "lodash": {
      "version": "3.10.1",
      "resolved": "https://registry.npmjs.org/lodash/-/lodash-3.10.1.tgz",
      "integrity": "sha1-W/Rejkm6QYnhfUgnid/RW9FAt7Y="
    },
    "millisecond": {
      "version": "0.1.2",
      "resolved": "https://registry.npmjs.org/millisecond/-/millisecond-0.1.2.tgz",
      "integrity": "sha1-bMWtOGJByrjniv+WT4cCjuyS2sU="
    },
    "node-ini": {
      "version": "1.0.0",
      "resolved": "https://registry.npmjs.org/node-ini/-/node-ini-1.0.0.tgz",
      "integrity": "sha1-u6YbFgPiSyn0MHU8gYmBacMtS8o="
    },
    "object-assign": {
      "version": "2.1.1",
      "resolved": "https://registry.npmjs.org/object-assign/-/object-assign-2.1.1.tgz",
      "integrity": "sha1-Q8NuXVaf+OSBbE76i+AtJpZ8GKo="
    },
    "pkginfo": {
      "version": "0.3.1",
      "resolved": "https://registry.npmjs.org/pkginfo/-/pkginfo-0.3.1.tgz",
      "integrity": "sha1-Wyn2qB9wcXFC4J52W76rl7T4HiE="
    },
    "qs": {
      "version": "0.6.6",
      "resolved": "https://registry.npmjs.org/qs/-/qs-0.6.6.tgz",
      "integrity": "sha1-bgFQmP9RlouKPIGQAdXyyJvEsQc="
    },
    "setheader": {
      "version": "0.0.4",
      "resolved": "https://registry.npmjs.org/setheader/-/setheader-0.0.4.tgz",
      "integrity": "sha1-km7SjPdiFJYgkx566j8blYFuxpQ=",
      "requires": {
        "debug": "0.7.4"
      }
    },
    "sse-channel": {
      "version": "1.0.6",
      "resolved": "https://registry.npmjs.org/sse-channel/-/sse-channel-1.0.6.tgz",
      "integrity": "sha1-oFqhNeTIs6dl4A1KbeNPv/DXQ2s=",
      "requires": {
        "access-control": "0.0.8",
        "lodash": "3.10.1"
      }
    },
    "stack-trace": {
      "version": "0.0.10",
      "resolved": "https://registry.npmjs.org/stack-trace/-/stack-trace-0.0.10.tgz",
      "integrity": "sha1-VHxws0fo0ytOEI6hoqFZ5f3eGcA="
    },
    "stompit": {
      "version": "0.21.0",
      "resolved": "https://registry.npmjs.org/stompit/-/stompit-0.21.0.tgz",
      "integrity": "sha1-hMjOhlazyw/g5I7Fo2HCDeZg7pw=",
      "requires": {
        "object-assign": "2.1.1",
        "qs": "0.6.6"
      }
    },
    "vary": {
      "version": "1.0.1",
      "resolved": "https://registry.npmjs.org/vary/-/vary-1.0.1.tgz",
      "integrity": "sha1-meSYFWaihhGN+yuBc1ffeZM3bRA="
    },
    "winston": {
      "version": "1.1.2",
      "resolved": "https://registry.npmjs.org/winston/-/winston-1.1.2.tgz",
      "integrity": "sha1-aO3Xaf951PlSjPDl2AAhqt5nSAw=",
      "requires": {
        "async": "1.0.0",
        "colors": "1.0.3",
        "cycle": "1.0.3",
        "eyes": "0.1.8",
        "isstream": "0.1.2",
        "pkginfo": "0.3.1",
        "stack-trace": "0.0.10"
      }
    }
  }
}
